{
  "originHash" : "61cbeedd8b9698b9455ddc3be1e5a182c83d8f578e351bbb84ae89d95eb79652",
  "pins" : [
    {
      "identity" : "purchases-ios-spm",
      "kind" : "remoteSourceControl",
      "location" : "https://github.com/RevenueCat/purchases-ios-spm",
      "state" : {
        "revision" : "b30ad3e7d22979feee2abf4de7fefd872eb14290",
        "version" : "5.56.0"
      }
    }
  ],
  "version" : 3
}
