// !$*UTF8*$!
{
	archiveVersion = 1;
	classes = {
	};
	objectVersion = 56;
	objects = {

/* Begin PBXBuildFile section */
		C74452602C7E3C9D00D050E7 /* Helium in Frameworks */ = {isa = PBXBuildFile; productRef = C744525F2C7E3C9D00D050E7 /* Helium */; };
		C74452622C7E3C9D00D050E7 /* HeliumCore in Frameworks */ = {isa = PBXBuildFile; productRef = C74452612C7E3C9D00D050E7 /* HeliumCore */; };
		C76393AA2C740AFD00138AF7 /* Helium Demo.storekit in Resources */ = {isa = PBXBuildFile; fileRef = C76393A92C740AFD00138AF7 /* Helium Demo.storekit */; };
		C76393AC2C740B6800138AF7 /* StoreKitTestCertificate.cer in Resources */ = {isa = PBXBuildFile; fileRef = C76393AB2C740B6800138AF7 /* StoreKitTestCertificate.cer */; };
		C79817622C658B8B009AEEA9 /* helium_demoApp.swift in Sources */ = {isa = PBXBuildFile; fileRef = C79817612C658B8B009AEEA9 /* helium_demoApp.swift */; };
		C79817642C658B8B009AEEA9 /* ContentView.swift in Sources */ = {isa = PBXBuildFile; fileRef = C79817632C658B8B009AEEA9 /* ContentView.swift */; };
		C79817692C658B8C009AEEA9 /* Preview Assets.xcassets in Resources */ = {isa = PBXBuildFile; fileRef = C79817682C658B8C009AEEA9 /* Preview Assets.xcassets */; };
		C79817712C658BC4009AEEA9 /* Helium in Frameworks */ = {isa = PBXBuildFile; productRef = C79817702C658BC4009AEEA9 /* Helium */; };
		C7B418CE2C759FEC00AE6A31 /* Helium in Frameworks */ = {isa = PBXBuildFile; productRef = C7B418CD2C759FEC00AE6A31 /* Helium */; };
		C7B418D02C759FEC00AE6A31 /* HeliumCore in Frameworks */ = {isa = PBXBuildFile; productRef = C7B418CF2C759FEC00AE6A31 /* HeliumCore */; };
		C7B418D62C75A00600AE6A31 /* HeliumTemplatesLocket in Frameworks */ = {isa = PBXBuildFile; productRef = C7B418D52C75A00600AE6A31 /* HeliumTemplatesLocket */; };
		C7B418D82C75A0AB00AE6A31 /* ExampleViewWithUIKitTrigger.swift in Sources */ = {isa = PBXBuildFile; fileRef = C7B418D72C75A0AB00AE6A31 /* ExampleViewWithUIKitTrigger.swift */; };
/* End PBXBuildFile section */

/* Begin PBXFileReference section */
		C76393A82C7405B600138AF7 /* helium-demo.entitlements */ = {isa = PBXFileReference; lastKnownFileType = text.plist.entitlements; path = "helium-demo.entitlements"; sourceTree = "<group>"; };
		C76393A92C740AFD00138AF7 /* Helium Demo.storekit */ = {isa = PBXFileReference; lastKnownFileType = text; path = "Helium Demo.storekit"; sourceTree = "<group>"; };
		C76393AB2C740B6800138AF7 /* StoreKitTestCertificate.cer */ = {isa = PBXFileReference; lastKnownFileType = file; path = StoreKitTestCertificate.cer; sourceTree = "<group>"; };
		C798175E2C658B8B009AEEA9 /* helium-demo.app */ = {isa = PBXFileReference; explicitFileType = wrapper.application; includeInIndex = 0; path = "helium-demo.app"; sourceTree = BUILT_PRODUCTS_DIR; };
		C79817612C658B8B009AEEA9 /* helium_demoApp.swift */ = {isa = PBXFileReference; lastKnownFileType = sourcecode.swift; path = helium_demoApp.swift; sourceTree = "<group>"; };
		C79817632C658B8B009AEEA9 /* ContentView.swift */ = {isa = PBXFileReference; lastKnownFileType = sourcecode.swift; path = ContentView.swift; sourceTree = "<group>"; };
		C79817682C658B8C009AEEA9 /* Preview Assets.xcassets */ = {isa = PBXFileReference; lastKnownFileType = folder.assetcatalog; path = "Preview Assets.xcassets"; sourceTree = "<group>"; };
		C7B418D72C75A0AB00AE6A31 /* ExampleViewWithUIKitTrigger.swift */ = {isa = PBXFileReference; lastKnownFileType = sourcecode.swift; path = ExampleViewWithUIKitTrigger.swift; sourceTree = "<group>"; };
/* End PBXFileReference section */

/* Begin PBXFrameworksBuildPhase section */
		C798175B2C658B8B009AEEA9 /* Frameworks */ = {
			isa = PBXFrameworksBuildPhase;
			buildActionMask = 2147483647;
			files = (
				C74452602C7E3C9D00D050E7 /* Helium in Frameworks */,
				C7B418D02C759FEC00AE6A31 /* HeliumCore in Frameworks */,
				C7B418CE2C759FEC00AE6A31 /* Helium in Frameworks */,
				C74452622C7E3C9D00D050E7 /* HeliumCore in Frameworks */,
				C7B418D62C75A00600AE6A31 /* HeliumTemplatesLocket in Frameworks */,
				C79817712C658BC4009AEEA9 /* Helium in Frameworks */,
			);
			runOnlyForDeploymentPostprocessing = 0;
		};
/* End PBXFrameworksBuildPhase section */

/* Begin PBXGroup section */
		C79817552C658B8B009AEEA9 = {
			isa = PBXGroup;
			children = (
				C79817602C658B8B009AEEA9 /* helium-demo */,
				C798175F2C658B8B009AEEA9 /* Products */,
			);
			sourceTree = "<group>";
		};
		C798175F2C658B8B009AEEA9 /* Products */ = {
			isa = PBXGroup;
			children = (
				C798175E2C658B8B009AEEA9 /* helium-demo.app */,
			);
			name = Products;
			sourceTree = "<group>";
		};
		C79817602C658B8B009AEEA9 /* helium-demo */ = {
			isa = PBXGroup;
			children = (
				C76393A82C7405B600138AF7 /* helium-demo.entitlements */,
				C79817612C658B8B009AEEA9 /* helium_demoApp.swift */,
				C76393A92C740AFD00138AF7 /* Helium Demo.storekit */,
				C76393AB2C740B6800138AF7 /* StoreKitTestCertificate.cer */,
				C79817632C658B8B009AEEA9 /* ContentView.swift */,
				C79817672C658B8C009AEEA9 /* Preview Content */,
				C7B418D72C75A0AB00AE6A31 /* ExampleViewWithUIKitTrigger.swift */,
			);
			path = "helium-demo";
			sourceTree = "<group>";
		};
		C79817672C658B8C009AEEA9 /* Preview Content */ = {
			isa = PBXGroup;
			children = (
				C79817682C658B8C009AEEA9 /* Preview Assets.xcassets */,
			);
			path = "Preview Content";
			sourceTree = "<group>";
		};
/* End PBXGroup section */

/* Begin PBXNativeTarget section */
		C798175D2C658B8B009AEEA9 /* helium-demo */ = {
			isa = PBXNativeTarget;
			buildConfigurationList = C798176C2C658B8C009AEEA9 /* Build configuration list for PBXNativeTarget "helium-demo" */;
			buildPhases = (
				C798175A2C658B8B009AEEA9 /* Sources */,
				C798175B2C658B8B009AEEA9 /* Frameworks */,
				C798175C2C658B8B009AEEA9 /* Resources */,
			);
			buildRules = (
			);
			dependencies = (
			);
			name = "helium-demo";
			packageProductDependencies = (
				C79817702C658BC4009AEEA9 /* Helium */,
				C7B418CD2C759FEC00AE6A31 /* Helium */,
				C7B418CF2C759FEC00AE6A31 /* HeliumCore */,
				C7B418D52C75A00600AE6A31 /* HeliumTemplatesLocket */,
				C744525F2C7E3C9D00D050E7 /* Helium */,
				C74452612C7E3C9D00D050E7 /* HeliumCore */,
			);
			productName = "helium-demo";
			productReference = C798175E2C658B8B009AEEA9 /* helium-demo.app */;
			productType = "com.apple.product-type.application";
		};
/* End PBXNativeTarget section */

/* Begin PBXProject section */
		C79817562C658B8B009AEEA9 /* Project object */ = {
			isa = PBXProject;
			attributes = {
				BuildIndependentTargetsInParallel = 1;
				LastSwiftUpdateCheck = 1540;
				LastUpgradeCheck = 1540;
				TargetAttributes = {
					C798175D2C658B8B009AEEA9 = {
						CreatedOnToolsVersion = 15.4;
					};
				};
			};
			buildConfigurationList = C79817592C658B8B009AEEA9 /* Build configuration list for PBXProject "helium-demo" */;
			compatibilityVersion = "Xcode 14.0";
			developmentRegion = en;
			hasScannedForEncodings = 0;
			knownRegions = (
				en,
				Base,
			);
			mainGroup = C79817552C658B8B009AEEA9;
			packageReferences = (
				C744525E2C7E3C9D00D050E7 /* XCRemoteSwiftPackageReference "helium-swift" */,
			);
			productRefGroup = C798175F2C658B8B009AEEA9 /* Products */;
			projectDirPath = "";
			projectRoot = "";
			targets = (
				C798175D2C658B8B009AEEA9 /* helium-demo */,
			);
		};
/* End PBXProject section */

/* Begin PBXResourcesBuildPhase section */
		C798175C2C658B8B009AEEA9 /* Resources */ = {
			isa = PBXResourcesBuildPhase;
			buildActionMask = 2147483647;
			files = (
				C76393AA2C740AFD00138AF7 /* Helium Demo.storekit in Resources */,
				C79817692C658B8C009AEEA9 /* Preview Assets.xcassets in Resources */,
				C76393AC2C740B6800138AF7 /* StoreKitTestCertificate.cer in Resources */,
			);
			runOnlyForDeploymentPostprocessing = 0;
		};
/* End PBXResourcesBuildPhase section */

/* Begin PBXSourcesBuildPhase section */
		C798175A2C658B8B009AEEA9 /* Sources */ = {
			isa = PBXSourcesBuildPhase;
			buildActionMask = 2147483647;
			files = (
				C79817642C658B8B009AEEA9 /* ContentView.swift in Sources */,
				C79817622C658B8B009AEEA9 /* helium_demoApp.swift in Sources */,
				C7B418D82C75A0AB00AE6A31 /* ExampleViewWithUIKitTrigger.swift in Sources */,
			);
			runOnlyForDeploymentPostprocessing = 0;
		};
/* End PBXSourcesBuildPhase section */

/* Begin XCBuildConfiguration section */
		C798176A2C658B8C009AEEA9 /* Debug */ = {
			isa = XCBuildConfiguration;
			buildSettings = {
				ALWAYS_SEARCH_USER_PATHS = NO;
				ASSETCATALOG_COMPILER_GENERATE_SWIFT_ASSET_SYMBOL_EXTENSIONS = YES;
				CLANG_ANALYZER_NONNULL = YES;
				CLANG_ANALYZER_NUMBER_OBJECT_CONVERSION = YES_AGGRESSIVE;
				CLANG_CXX_LANGUAGE_STANDARD = "gnu++20";
				CLANG_ENABLE_MODULES = YES;
				CLANG_ENABLE_OBJC_ARC = YES;
				CLANG_ENABLE_OBJC_WEAK = YES;
				CLANG_WARN_BLOCK_CAPTURE_AUTORELEASING = YES;
				CLANG_WARN_BOOL_CONVERSION = YES;
				CLANG_WARN_COMMA = YES;
				CLANG_WARN_CONSTANT_CONVERSION = YES;
				CLANG_WARN_DEPRECATED_OBJC_IMPLEMENTATIONS = YES;
				CLANG_WARN_DIRECT_OBJC_ISA_USAGE = YES_ERROR;
				CLANG_WARN_DOCUMENTATION_COMMENTS = YES;
				CLANG_WARN_EMPTY_BODY = YES;
				CLANG_WARN_ENUM_CONVERSION = YES;
				CLANG_WARN_INFINITE_RECURSION = YES;
				CLANG_WARN_INT_CONVERSION = YES;
				CLANG_WARN_NON_LITERAL_NULL_CONVERSION = YES;
				CLANG_WARN_OBJC_IMPLICIT_RETAIN_SELF = YES;
				CLANG_WARN_OBJC_LITERAL_CONVERSION = YES;
				CLANG_WARN_OBJC_ROOT_CLASS = YES_ERROR;
				CLANG_WARN_QUOTED_INCLUDE_IN_FRAMEWORK_HEADER = YES;
				CLANG_WARN_RANGE_LOOP_ANALYSIS = YES;
				CLANG_WARN_STRICT_PROTOTYPES = YES;
				CLANG_WARN_SUSPICIOUS_MOVE = YES;
				CLANG_WARN_UNGUARDED_AVAILABILITY = YES_AGGRESSIVE;
				CLANG_WARN_UNREACHABLE_CODE = YES;
				CLANG_WARN__DUPLICATE_METHOD_MATCH = YES;
				COPY_PHASE_STRIP = NO;
				DEBUG_INFORMATION_FORMAT = dwarf;
				ENABLE_STRICT_OBJC_MSGSEND = YES;
				ENABLE_TESTABILITY = YES;
				ENABLE_USER_SCRIPT_SANDBOXING = YES;
				GCC_C_LANGUAGE_STANDARD = gnu17;
				GCC_DYNAMIC_NO_PIC = NO;
				GCC_NO_COMMON_BLOCKS = YES;
				GCC_OPTIMIZATION_LEVEL = 0;
				GCC_PREPROCESSOR_DEFINITIONS = (
					"DEBUG=1",
					"$(inherited)",
				);
				GCC_WARN_64_TO_32_BIT_CONVERSION = YES;
				GCC_WARN_ABOUT_RETURN_TYPE = YES_ERROR;
				GCC_WARN_UNDECLARED_SELECTOR = YES;
				GCC_WARN_UNINITIALIZED_AUTOS = YES_AGGRESSIVE;
				GCC_WARN_UNUSED_FUNCTION = YES;
				GCC_WARN_UNUSED_VARIABLE = YES;
				IPHONEOS_DEPLOYMENT_TARGET = 14.0;
				LOCALIZATION_PREFERS_STRING_CATALOGS = YES;
				MTL_ENABLE_DEBUG_INFO = INCLUDE_SOURCE;
				MTL_FAST_MATH = YES;
				ONLY_ACTIVE_ARCH = YES;
				SDKROOT = iphoneos;
				SWIFT_ACTIVE_COMPILATION_CONDITIONS = "DEBUG $(inherited)";
				SWIFT_OPTIMIZATION_LEVEL = "-Onone";
			};
			name = Debug;
		};
		C798176B2C658B8C009AEEA9 /* Release */ = {
			isa = XCBuildConfiguration;
			buildSettings = {
				ALWAYS_SEARCH_USER_PATHS = NO;
				ASSETCATALOG_COMPILER_GENERATE_SWIFT_ASSET_SYMBOL_EXTENSIONS = YES;
				CLANG_ANALYZER_NONNULL = YES;
				CLANG_ANALYZER_NUMBER_OBJECT_CONVERSION = YES_AGGRESSIVE;
				CLANG_CXX_LANGUAGE_STANDARD = "gnu++20";
				CLANG_ENABLE_MODULES = YES;
				CLANG_ENABLE_OBJC_ARC = YES;
				CLANG_ENABLE_OBJC_WEAK = YES;
				CLANG_WARN_BLOCK_CAPTURE_AUTORELEASING = YES;
				CLANG_WARN_BOOL_CONVERSION = YES;
				CLANG_WARN_COMMA = YES;
				CLANG_WARN_CONSTANT_CONVERSION = YES;
				CLANG_WARN_DEPRECATED_OBJC_IMPLEMENTATIONS = YES;
				CLANG_WARN_DIRECT_OBJC_ISA_USAGE = YES_ERROR;
				CLANG_WARN_DOCUMENTATION_COMMENTS = YES;
				CLANG_WARN_EMPTY_BODY = YES;
				CLANG_WARN_ENUM_CONVERSION = YES;
				CLANG_WARN_INFINITE_RECURSION = YES;
				CLANG_WARN_INT_CONVERSION = YES;
				CLANG_WARN_NON_LITERAL_NULL_CONVERSION = YES;
				CLANG_WARN_OBJC_IMPLICIT_RETAIN_SELF = YES;
				CLANG_WARN_OBJC_LITERAL_CONVERSION = YES;
				CLANG_WARN_OBJC_ROOT_CLASS = YES_ERROR;
				CLANG_WARN_QUOTED_INCLUDE_IN_FRAMEWORK_HEADER = YES;
				CLANG_WARN_RANGE_LOOP_ANALYSIS = YES;
				CLANG_WARN_STRICT_PROTOTYPES = YES;
				CLANG_WARN_SUSPICIOUS_MOVE = YES;
				CLANG_WARN_UNGUARDED_AVAILABILITY = YES_AGGRESSIVE;
				CLANG_WARN_UNREACHABLE_CODE = YES;
				CLANG_WARN__DUPLICATE_METHOD_MATCH = YES;
				COPY_PHASE_STRIP = NO;
				DEBUG_INFORMATION_FORMAT = "dwarf-with-dsym";
				ENABLE_NS_ASSERTIONS = NO;
				ENABLE_STRICT_OBJC_MSGSEND = YES;
				ENABLE_USER_SCRIPT_SANDBOXING = YES;
				GCC_C_LANGUAGE_STANDARD = gnu17;
				GCC_NO_COMMON_BLOCKS = YES;
				GCC_WARN_64_TO_32_BIT_CONVERSION = YES;
				GCC_WARN_ABOUT_RETURN_TYPE = YES_ERROR;
				GCC_WARN_UNDECLARED_SELECTOR = YES;
				GCC_WARN_UNINITIALIZED_AUTOS = YES_AGGRESSIVE;
				GCC_WARN_UNUSED_FUNCTION = YES;
				GCC_WARN_UNUSED_VARIABLE = YES;
				IPHONEOS_DEPLOYMENT_TARGET = 14.0;
				LOCALIZATION_PREFERS_STRING_CATALOGS = YES;
				MTL_ENABLE_DEBUG_INFO = NO;
				MTL_FAST_MATH = YES;
				SDKROOT = iphoneos;
				SWIFT_COMPILATION_MODE = wholemodule;
				VALIDATE_PRODUCT = YES;
			};
			name = Release;
		};
		C798176D2C658B8C009AEEA9 /* Debug */ = {
			isa = XCBuildConfiguration;
			buildSettings = {
				ASSETCATALOG_COMPILER_APPICON_NAME = AppIcon;
				ASSETCATALOG_COMPILER_GLOBAL_ACCENT_COLOR_NAME = AccentColor;
				CODE_SIGN_ENTITLEMENTS = "helium-demo/helium-demo.entitlements";
				CODE_SIGN_STYLE = Automatic;
				CURRENT_PROJECT_VERSION = 1;
				DEVELOPMENT_ASSET_PATHS = "\"helium-demo/Preview Content\"";
				DEVELOPMENT_TEAM = WGCKGF5K4E;
				ENABLE_PREVIEWS = YES;
				GENERATE_INFOPLIST_FILE = YES;
				INFOPLIST_FILE = "helium-demo/Info.plist";
				INFOPLIST_KEY_CFBundleDisplayName = "Helium Demo";
				INFOPLIST_KEY_UIApplicationSceneManifest_Generation = YES;
				INFOPLIST_KEY_UIApplicationSupportsIndirectInputEvents = YES;
				INFOPLIST_KEY_UILaunchScreen_Generation = YES;
				INFOPLIST_KEY_UISupportedInterfaceOrientations_iPad = "UIInterfaceOrientationPortrait UIInterfaceOrientationPortraitUpsideDown UIInterfaceOrientationLandscapeLeft UIInterfaceOrientationLandscapeRight";
				INFOPLIST_KEY_UISupportedInterfaceOrientations_iPhone = "UIInterfaceOrientationPortrait UIInterfaceOrientationLandscapeLeft UIInterfaceOrientationLandscapeRight";
				IPHONEOS_DEPLOYMENT_TARGET = 16.0;
				LD_RUNPATH_SEARCH_PATHS = (
					"$(inherited)",
					"@executable_path/Frameworks",
				);
				MARKETING_VERSION = 1.0;
				PRODUCT_BUNDLE_IDENTIFIER = "com.anishdoshi.helium-demo";
				PRODUCT_NAME = "$(TARGET_NAME)";
				SWIFT_EMIT_LOC_STRINGS = YES;
				SWIFT_VERSION = 5.0;
				TARGETED_DEVICE_FAMILY = "1,2";
			};
			name = Debug;
		};
		C798176E2C658B8C009AEEA9 /* Release */ = {
			isa = XCBuildConfiguration;
			buildSettings = {
				ASSETCATALOG_COMPILER_APPICON_NAME = AppIcon;
				ASSETCATALOG_COMPILER_GLOBAL_ACCENT_COLOR_NAME = AccentColor;
				CODE_SIGN_ENTITLEMENTS = "helium-demo/helium-demo.entitlements";
				CODE_SIGN_STYLE = Automatic;
				CURRENT_PROJECT_VERSION = 1;
				DEVELOPMENT_ASSET_PATHS = "\"helium-demo/Preview Content\"";
				DEVELOPMENT_TEAM = WGCKGF5K4E;
				ENABLE_PREVIEWS = YES;
				GENERATE_INFOPLIST_FILE = YES;
				INFOPLIST_FILE = "helium-demo/Info.plist";
				INFOPLIST_KEY_CFBundleDisplayName = "Helium Demo";
				INFOPLIST_KEY_UIApplicationSceneManifest_Generation = YES;
				INFOPLIST_KEY_UIApplicationSupportsIndirectInputEvents = YES;
				INFOPLIST_KEY_UILaunchScreen_Generation = YES;
				INFOPLIST_KEY_UISupportedInterfaceOrientations_iPad = "UIInterfaceOrientationPortrait UIInterfaceOrientationPortraitUpsideDown UIInterfaceOrientationLandscapeLeft UIInterfaceOrientationLandscapeRight";
				INFOPLIST_KEY_UISupportedInterfaceOrientations_iPhone = "UIInterfaceOrientationPortrait UIInterfaceOrientationLandscapeLeft UIInterfaceOrientationLandscapeRight";
				IPHONEOS_DEPLOYMENT_TARGET = 16.0;
				LD_RUNPATH_SEARCH_PATHS = (
					"$(inherited)",
					"@executable_path/Frameworks",
				);
				MARKETING_VERSION = 1.0;
				PRODUCT_BUNDLE_IDENTIFIER = "com.anishdoshi.helium-demo";
				PRODUCT_NAME = "$(TARGET_NAME)";
				SWIFT_EMIT_LOC_STRINGS = YES;
				SWIFT_VERSION = 5.0;
				TARGETED_DEVICE_FAMILY = "1,2";
			};
			name = Release;
		};
/* End XCBuildConfiguration section */

/* Begin XCConfigurationList section */
		C79817592C658B8B009AEEA9 /* Build configuration list for PBXProject "helium-demo" */ = {
			isa = XCConfigurationList;
			buildConfigurations = (
				C798176A2C658B8C009AEEA9 /* Debug */,
				C798176B2C658B8C009AEEA9 /* Release */,
			);
			defaultConfigurationIsVisible = 0;
			defaultConfigurationName = Release;
		};
		C798176C2C658B8C009AEEA9 /* Build configuration list for PBXNativeTarget "helium-demo" */ = {
			isa = XCConfigurationList;
			buildConfigurations = (
				C798176D2C658B8C009AEEA9 /* Debug */,
				C798176E2C658B8C009AEEA9 /* Release */,
			);
			defaultConfigurationIsVisible = 0;
			defaultConfigurationName = Release;
		};
/* End XCConfigurationList section */

/* Begin XCRemoteSwiftPackageReference section */
		C744525E2C7E3C9D00D050E7 /* XCRemoteSwiftPackageReference "helium-swift" */ = {
			isa = XCRemoteSwiftPackageReference;
			repositoryURL = "https://github.com/cloudcaptainai/helium-swift";
			requirement = {
				branch = main;
				kind = branch;
			};
		};
/* End XCRemoteSwiftPackageReference section */

/* Begin XCSwiftPackageProductDependency section */
		C744525F2C7E3C9D00D050E7 /* Helium */ = {
			isa = XCSwiftPackageProductDependency;
			package = C744525E2C7E3C9D00D050E7 /* XCRemoteSwiftPackageReference "helium-swift" */;
			productName = Helium;
		};
		C74452612C7E3C9D00D050E7 /* HeliumCore */ = {
			isa = XCSwiftPackageProductDependency;
			package = C744525E2C7E3C9D00D050E7 /* XCRemoteSwiftPackageReference "helium-swift" */;
			productName = HeliumCore;
		};
		C79817702C658BC4009AEEA9 /* Helium */ = {
			isa = XCSwiftPackageProductDependency;
			productName = Helium;
		};
		C7B418CD2C759FEC00AE6A31 /* Helium */ = {
			isa = XCSwiftPackageProductDependency;
			productName = Helium;
		};
		C7B418CF2C759FEC00AE6A31 /* HeliumCore */ = {
			isa = XCSwiftPackageProductDependency;
			productName = HeliumCore;
		};
		C7B418D52C75A00600AE6A31 /* HeliumTemplatesLocket */ = {
			isa = XCSwiftPackageProductDependency;
			productName = HeliumTemplatesLocket;
		};
/* End XCSwiftPackageProductDependency section */
	};
	rootObject = C79817562C658B8B009AEEA9 /* Project object */;
}
