{
  "originHash" : "715fe5b3ee0811fca75a11c2dd6a0331bac751efbe7514609eeb1939a440da79",
  "pins" : [
    {
      "identity" : "alamofire",
      "kind" : "remoteSourceControl",
      "location" : "https://github.com/Alamofire/Alamofire.git",
      "state" : {
        "revision" : "f455c2975872ccd2d9c81594c658af65716e9b9a",
        "version" : "5.9.1"
      }
    },
    {
      "identity" : "analytics-swift",
      "kind" : "remoteSourceControl",
      "location" : "https://github.com/segmentio/analytics-swift",
      "state" : {
        "revision" : "f6f3a7fafcace7bcdbda329f9b309f31bf9a42a1",
        "version" : "1.5.11"
      }
    },
    {
      "identity" : "anycodable",
      "kind" : "remoteSourceControl",
      "location" : "https://github.com/Flight-School/AnyCodable",
      "state" : {
        "revision" : "862808b2070cd908cb04f9aafe7de83d35f81b05",
        "version" : "0.6.7"
      }
    },
    {
      "identity" : "helium-locket-templates",
      "kind" : "remoteSourceControl",
      "location" : "git@github.com:cloudcaptainai/helium-locket-templates.git",
      "state" : {
        "branch" : "main",
        "revision" : "67c12a422aa192a66b09a8d2261ee8b8dc0c6f27"
      }
    },
    {
      "identity" : "helium-swift",
      "kind" : "remoteSourceControl",
      "location" : "https://github.com/cloudcaptainai/helium-swift",
      "state" : {
        "branch" : "main",
        "revision" : "6009c9a7e1c18529c4440fb43641600e6fa84c90"
      }
    },
    {
      "identity" : "jsonsafeencoding-swift",
      "kind" : "remoteSourceControl",
      "location" : "https://github.com/segmentio/jsonsafeencoding-swift.git",
      "state" : {
        "revision" : "af6a8b360984085e36c6341b21ecb35c12f47ebd",
        "version" : "2.0.0"
      }
    },
    {
      "identity" : "kingfisher",
      "kind" : "remoteSourceControl",
      "location" : "https://github.com/onevcat/Kingfisher.git",
      "state" : {
        "revision" : "2ef543ee21d63734e1c004ad6c870255e8716c50",
        "version" : "7.12.0"
      }
    },
    {
      "identity" : "sovran-swift",
      "kind" : "remoteSourceControl",
      "location" : "https://github.com/segmentio/sovran-swift.git",
      "state" : {
        "revision" : "24867f3e4ac62027db9827112135e6531b6f4051",
        "version" : "1.1.2"
      }
    },
    {
      "identity" : "supabase-swift",
      "kind" : "remoteSourceControl",
      "location" : "https://github.com/supabase/supabase-swift.git",
      "state" : {
        "revision" : "4c966eafaaebc893a418e6334ef67beb0287a9ad",
        "version" : "2.16.1"
      }
    },
    {
      "identity" : "swift-concurrency-extras",
      "kind" : "remoteSourceControl",
      "location" : "https://github.com/pointfreeco/swift-concurrency-extras",
      "state" : {
        "revision" : "bb5059bde9022d69ac516803f4f227d8ac967f71",
        "version" : "1.1.0"
      }
    },
    {
      "identity" : "swift-crypto",
      "kind" : "remoteSourceControl",
      "location" : "https://github.com/apple/swift-crypto.git",
      "state" : {
        "revision" : "a53a7e8f858902659d4784322bede34f4e49097e",
        "version" : "3.6.1"
      }
    },
    {
      "identity" : "swiftyjson",
      "kind" : "remoteSourceControl",
      "location" : "https://github.com/SwiftyJSON/SwiftyJSON.git",
      "state" : {
        "revision" : "af76cf3ef710b6ca5f8c05f3a31307d44a3c5828",
        "version" : "5.0.2"
      }
    },
    {
      "identity" : "xctest-dynamic-overlay",
      "kind" : "remoteSourceControl",
      "location" : "https://github.com/pointfreeco/xctest-dynamic-overlay",
      "state" : {
        "revision" : "96beb108a57f24c8476ae1f309239270772b2940",
        "version" : "1.2.5"
      }
    }
  ],
  "version" : 3
}
